// !$*UTF8*$!
{
	archiveVersion = 1;
	classes = {
	};
	objectVersion = 46;
	objects = {

/* Begin PBXBuildFile section */
		BED9C4F11BCE0A3300F29A4A /* main.swift in Sources */ = {isa = PBXBuildFile; fileRef = BED9C4F01BCE0A3300F29A4A /* main.swift */; };
/* End PBXBuildFile section */

/* Begin PBXCopyFilesBuildPhase section */
		BED9C4EB1BCE0A3200F29A4A /* CopyFiles */ = {
			isa = PBXCopyFilesBuildPhase;
			buildActionMask = 2147483647;
			dstPath = /usr/share/man/man1/;
			dstSubfolderSpec = 0;
			files = (
			);
			runOnlyForDeploymentPostprocessing = 1;
		};
/* End PBXCopyFilesBuildPhase section */

/* Begin PBXFileReference section */
		BED9C4ED1BCE0A3300F29A4A /* oct-13-homework */ = {isa = PBXFileReference; explicitFileType = "compiled.mach-o.executable"; includeInIndex = 0; path = "oct-13-homework"; sourceTree = BUILT_PRODUCTS_DIR; };
		BED9C4F01BCE0A3300F29A4A /* main.swift */ = {isa = PBXFileReference; lastKnownFileType = sourcecode.swift; path = main.swift; sourceTree = "<group>"; };
/* End PBXFileReference section */

/* Begin PBXFrameworksBuildPhase section */
		BED9C4EA1BCE0A3200F29A4A /* Frameworks */ = {
			isa = PBXFrameworksBuildPhase;
			buildActionMask = 2147483647;
			files = (
			);
			runOnlyForDeploymentPostprocessing = 0;
		};
/* End PBXFrameworksBuildPhase section */

/* Begin PBXGroup section */
		BED9C4E41BCE0A3200F29A4A = {
			isa = PBXGroup;
			children = (
				BED9C4EF1BCE0A3300F29A4A /* oct-13-homework */,
				BED9C4EE1BCE0A3300F29A4A /* Products */,
			);
			sourceTree = "<group>";
		};
		BED9C4EE1BCE0A3300F29A4A /* Products */ = {
			isa = PBXGroup;
			children = (
				BED9C4ED1BCE0A3300F29A4A /* oct-13-homework */,
			);
			name = Products;
			sourceTree = "<group>";
		};
		BED9C4EF1BCE0A3300F29A4A /* oct-13-homework */ = {
			isa = PBXGroup;
			children = (
				BED9C4F01BCE0A3300F29A4A /* main.swift */,
			);
			path = "oct-13-homework";
			sourceTree = "<group>";
		};
/* End PBXGroup section */

/* Begin PBXNativeTarget section */
		BED9C4EC1BCE0A3200F29A4A /* oct-13-homework */ = {
			isa = PBXNativeTarget;
			buildConfigurationList = BED9C4F41BCE0A3300F29A4A /* Build configuration list for PBXNativeTarget "oct-13-homework" */;
			buildPhases = (
				BED9C4E91BCE0A3200F29A4A /* Sources */,
				BED9C4EA1BCE0A3200F29A4A /* Frameworks */,
				BED9C4EB1BCE0A3200F29A4A /* CopyFiles */,
			);
			buildRules = (
			);
			dependencies = (
			);
			name = "oct-13-homework";
			productName = "oct-13-homework";
			productReference = BED9C4ED1BCE0A3300F29A4A /* oct-13-homework */;
			productType = "com.apple.product-type.tool";
		};
/* End PBXNativeTarget section */

/* Begin PBXProject section */
		BED9C4E51BCE0A3200F29A4A /* Project object */ = {
			isa = PBXProject;
			attributes = {
				LastUpgradeCheck = 0700;
				ORGANIZATIONNAME = "Susan Wolfgram";
				TargetAttributes = {
					BED9C4EC1BCE0A3200F29A4A = {
						CreatedOnToolsVersion = 7.0.1;
					};
				};
			};
			buildConfigurationList = BED9C4E81BCE0A3200F29A4A /* Build configuration list for PBXProject "oct-13-homework" */;
			compatibilityVersion = "Xcode 3.2";
			developmentRegion = English;
			hasScannedForEncodings = 0;
			knownRegions = (
				en,
			);
			mainGroup = BED9C4E41BCE0A3200F29A4A;
			productRefGroup = BED9C4EE1BCE0A3300F29A4A /* Products */;
			projectDirPath = "";
			projectRoot = "";
			targets = (
				BED9C4EC1BCE0A3200F29A4A /* oct-13-homework */,
			);
		};
/* End PBXProject section */

/* Begin PBXSourcesBuildPhase section */
		BED9C4E91BCE0A3200F29A4A /* Sources */ = {
			isa = PBXSourcesBuildPhase;
			buildActionMask = 2147483647;
			files = (
				BED9C4F11BCE0A3300F29A4A /* main.swift in Sources */,
			);
			runOnlyForDeploymentPostprocessing = 0;
		};
/* End PBXSourcesBuildPhase section */

/* Begin XCBuildConfiguration section */
		BED9C4F21BCE0A3300F29A4A /* Debug */ = {
			isa = XCBuildConfiguration;
			buildSettings = {
				ALWAYS_SEARCH_USER_PATHS = NO;
				CLANG_CXX_LANGUAGE_STANDARD = "gnu++0x";
				CLANG_CXX_LIBRARY = "libc++";
				CLANG_ENABLE_MODULES = YES;
				CLANG_ENABLE_OBJC_ARC = YES;
				CLANG_WARN_BOOL_CONVERSION = YES;
				CLANG_WARN_CONSTANT_CONVERSION = YES;
				CLANG_WARN_DIRECT_OBJC_ISA_USAGE = YES_ERROR;
				CLANG_WARN_EMPTY_BODY = YES;
				CLANG_WARN_ENUM_CONVERSION = YES;
				CLANG_WARN_INT_CONVERSION = YES;
				CLANG_WARN_OBJC_ROOT_CLASS = YES_ERROR;
				CLANG_WARN_UNREACHABLE_CODE = YES;
				CLANG_WARN__DUPLICATE_METHOD_MATCH = YES;
				COPY_PHASE_STRIP = NO;
				DEBUG_INFORMATION_FORMAT = dwarf;
				ENABLE_STRICT_OBJC_MSGSEND = YES;
				ENABLE_TESTABILITY = YES;
				GCC_C_LANGUAGE_STANDARD = gnu99;
				GCC_DYNAMIC_NO_PIC = NO;
				GCC_NO_COMMON_BLOCKS = YES;
				GCC_OPTIMIZATION_LEVEL = 0;
				GCC_PREPROCESSOR_DEFINITIONS = (
					"DEBUG=1",
					"$(inherited)",
				);
				GCC_WARN_64_TO_32_BIT_CONVERSION = YES;
				GCC_WARN_ABOUT_RETURN_TYPE = YES_ERROR;
				GCC_WARN_UNDECLARED_SELECTOR = YES;
				GCC_WARN_UNINITIALIZED_AUTOS = YES_AGGRESSIVE;
				GCC_WARN_UNUSED_FUNCTION = YES;
				GCC_WARN_UNUSED_VARIABLE = YES;
				MACOSX_DEPLOYMENT_TARGET = 10.10;
				MTL_ENABLE_DEBUG_INFO = YES;
				ONLY_ACTIVE_ARCH = YES;
				SDKROOT = macosx;
				SWIFT_OPTIMIZATION_LEVEL = "-Onone";
			};
			name = Debug;
		};
		BED9C4F31BCE0A3300F29A4A /* Release */ = {
			isa = XCBuildConfiguration;
			buildSettings = {
				ALWAYS_SEARCH_USER_PATHS = NO;
				CLANG_CXX_LANGUAGE_STANDARD = "gnu++0x";
				CLANG_CXX_LIBRARY = "libc++";
				CLANG_ENABLE_MODULES = YES;
				CLANG_ENABLE_OBJC_ARC = YES;
				CLANG_WARN_BOOL_CONVERSION = YES;
				CLANG_WARN_CONSTANT_CONVERSION = YES;
				CLANG_WARN_DIRECT_OBJC_ISA_USAGE = YES_ERROR;
				CLANG_WARN_EMPTY_BODY = YES;
				CLANG_WARN_ENUM_CONVERSION = YES;
				CLANG_WARN_INT_CONVERSION = YES;
				CLANG_WARN_OBJC_ROOT_CLASS = YES_ERROR;
				CLANG_WARN_UNREACHABLE_CODE = YES;
				CLANG_WARN__DUPLICATE_METHOD_MATCH = YES;
				COPY_PHASE_STRIP = NO;
				DEBUG_INFORMATION_FORMAT = "dwarf-with-dsym";
				ENABLE_NS_ASSERTIONS = NO;
				ENABLE_STRICT_OBJC_MSGSEND = YES;
				GCC_C_LANGUAGE_STANDARD = gnu99;
				GCC_NO_COMMON_BLOCKS = YES;
				GCC_WARN_64_TO_32_BIT_CONVERSION = YES;
				GCC_WARN_ABOUT_RETURN_TYPE = YES_ERROR;
				GCC_WARN_UNDECLARED_SELECTOR = YES;
				GCC_WARN_UNINITIALIZED_AUTOS = YES_AGGRESSIVE;
				GCC_WARN_UNUSED_FUNCTION = YES;
				GCC_WARN_UNUSED_VARIABLE = YES;
				MACOSX_DEPLOYMENT_TARGET = 10.10;
				MTL_ENABLE_DEBUG_INFO = NO;
				SDKROOT = macosx;
			};
			name = Release;
		};
		BED9C4F51BCE0A3300F29A4A /* Debug */ = {
			isa = XCBuildConfiguration;
			buildSettings = {
				PRODUCT_NAME = "$(TARGET_NAME)";
			};
			name = Debug;
		};
		BED9C4F61BCE0A3300F29A4A /* Release */ = {
			isa = XCBuildConfiguration;
			buildSettings = {
				PRODUCT_NAME = "$(TARGET_NAME)";
			};
			name = Release;
		};
/* End XCBuildConfiguration section */

/* Begin XCConfigurationList section */
		BED9C4E81BCE0A3200F29A4A /* Build configuration list for PBXProject "oct-13-homework" */ = {
			isa = XCConfigurationList;
			buildConfigurations = (
				BED9C4F21BCE0A3300F29A4A /* Debug */,
				BED9C4F31BCE0A3300F29A4A /* Release */,
			);
			defaultConfigurationIsVisible = 0;
			defaultConfigurationName = Release;
		};
		BED9C4F41BCE0A3300F29A4A /* Build configuration list for PBXNativeTarget "oct-13-homework" */ = {
			isa = XCConfigurationList;
			buildConfigurations = (
				BED9C4F51BCE0A3300F29A4A /* Debug */,
				BED9C4F61BCE0A3300F29A4A /* Release */,
			);
			defaultConfigurationIsVisible = 0;
		};
/* End XCConfigurationList section */
	};
	rootObject = BED9C4E51BCE0A3200F29A4A /* Project object */;
}
